
Microsoft Visual Studio Solution File, Format Version 12.00
# Visual Studio Version 17
VisualStudioVersion = 17.5.002.0
MinimumVisualStudioVersion = 10.0.40219.1
Project("{9A19103F-16F7-4668-BE54-9A1E7A4F7556}") = "TTT", "TTT\TTT.csproj", "{01A330A6-46BA-494D-9AA4-E2F49221A589}"
EndProject
Project("{2150E333-8FDC-42A3-9474-1A3956D46DE8}") = "mod", "mod", "{13E6C174-485A-4693-A238-70E7BAF4CAB0}"
EndProject
Project("{9A19103F-16F7-4668-BE54-9A1E7A4F7556}") = "TTT.Detective", "mod\TTT.Detective\TTT.Detective.csproj", "{C419D9BF-BF1F-47C1-8172-0F73180A9911}"
EndProject
Project("{9A19103F-16F7-4668-BE54-9A1E7A4F7556}") = "TTT.Logs", "mod\TTT.Logs\TTT.Logs.csproj", "{0A6296BF-5F0D-4A88-9C20-9B798A79F90D}"
EndProject
Project("{9A19103F-16F7-4668-BE54-9A1E7A4F7556}") = "TTT.Manager", "mod\TTT.Manager\TTT.Manager.csproj", "{1D70CC14-C875-4789-B67C-578CCD4C525D}"
EndProject
Project("{9A19103F-16F7-4668-BE54-9A1E7A4F7556}") = "TTT.Player", "mod\TTT.Player\TTT.Player.csproj", "{90EB2AF0-0D1F-4EEE-B2EC-D61B3200472C}"
EndProject
Project("{9A19103F-16F7-4668-BE54-9A1E7A4F7556}") = "TTT.Roles", "mod\TTT.Roles\TTT.Roles.csproj", "{4B483085-F782-46D0-A695-9F3F2058C79B}"
EndProject
Project("{9A19103F-16F7-4668-BE54-9A1E7A4F7556}") = "TTT.Round", "mod\TTT.Round\TTT.Round.csproj", "{2E76A4E1-6706-4B32-B1AD-A8349D62A6A5}"
EndProject
Project("{9A19103F-16F7-4668-BE54-9A1E7A4F7556}") = "TTT.Scoreboard", "mod\TTT.Scoreboard\TTT.Scoreboard.csproj", "{B8760315-0796-4F82-867A-4678D81A610D}"
EndProject
Project("{9A19103F-16F7-4668-BE54-9A1E7A4F7556}") = "TTT.Shop", "mod\TTT.Shop\TTT.Shop.csproj", "{9B368055-6762-4142-80FB-EEE83B1B7442}"
EndProject
Project("{2150E333-8FDC-42A3-9474-1A3956D46DE8}") = "public", "public", "{C0442516-111F-48C9-87A1-F4D42A97E545}"
EndProject
Project("{9A19103F-16F7-4668-BE54-9A1E7A4F7556}") = "TTT.Formatting", "public\TTT.Formatting\TTT.Formatting.csproj", "{FC584C07-AA07-439B-B13E-8A52F13DC472}"
EndProject
Project("{9A19103F-16F7-4668-BE54-9A1E7A4F7556}") = "TTT.Public", "public\TTT.Public\TTT.Public.csproj", "{48634C12-5295-4BCE-9E91-10BB27548C9A}"
EndProject
Global
	GlobalSection(SolutionConfigurationPlatforms) = preSolution
		Debug|Any CPU = Debug|Any CPU
		Release|Any CPU = Release|Any CPU
	EndGlobalSection
	GlobalSection(ProjectConfigurationPlatforms) = postSolution
		{01A330A6-46BA-494D-9AA4-E2F49221A589}.Debug|Any CPU.ActiveCfg = Debug|Any CPU
		{01A330A6-46BA-494D-9AA4-E2F49221A589}.Debug|Any CPU.Build.0 = Debug|Any CPU
		{01A330A6-46BA-494D-9AA4-E2F49221A589}.Release|Any CPU.ActiveCfg = Release|Any CPU
		{01A330A6-46BA-494D-9AA4-E2F49221A589}.Release|Any CPU.Build.0 = Release|Any CPU
		{C419D9BF-BF1F-47C1-8172-0F73180A9911}.Debug|Any CPU.ActiveCfg = Debug|Any CPU
		{C419D9BF-BF1F-47C1-8172-0F73180A9911}.Debug|Any CPU.Build.0 = Debug|Any CPU
		{C419D9BF-BF1F-47C1-8172-0F73180A9911}.Release|Any CPU.ActiveCfg = Release|Any CPU
		{C419D9BF-BF1F-47C1-8172-0F73180A9911}.Release|Any CPU.Build.0 = Release|Any CPU
		{0A6296BF-5F0D-4A88-9C20-9B798A79F90D}.Debug|Any CPU.ActiveCfg = Debug|Any CPU
		{0A6296BF-5F0D-4A88-9C20-9B798A79F90D}.Debug|Any CPU.Build.0 = Debug|Any CPU
		{0A6296BF-5F0D-4A88-9C20-9B798A79F90D}.Release|Any CPU.ActiveCfg = Release|Any CPU
		{0A6296BF-5F0D-4A88-9C20-9B798A79F90D}.Release|Any CPU.Build.0 = Release|Any CPU
		{1D70CC14-C875-4789-B67C-578CCD4C525D}.Debug|Any CPU.ActiveCfg = Debug|Any CPU
		{1D70CC14-C875-4789-B67C-578CCD4C525D}.Debug|Any CPU.Build.0 = Debug|Any CPU
		{1D70CC14-C875-4789-B67C-578CCD4C525D}.Release|Any CPU.ActiveCfg = Release|Any CPU
		{1D70CC14-C875-4789-B67C-578CCD4C525D}.Release|Any CPU.Build.0 = Release|Any CPU
		{90EB2AF0-0D1F-4EEE-B2EC-D61B3200472C}.Debug|Any CPU.ActiveCfg = Debug|Any CPU
		{90EB2AF0-0D1F-4EEE-B2EC-D61B3200472C}.Debug|Any CPU.Build.0 = Debug|Any CPU
		{90EB2AF0-0D1F-4EEE-B2EC-D61B3200472C}.Release|Any CPU.ActiveCfg = Release|Any CPU
		{90EB2AF0-0D1F-4EEE-B2EC-D61B3200472C}.Release|Any CPU.Build.0 = Release|Any CPU
		{4B483085-F782-46D0-A695-9F3F2058C79B}.Debug|Any CPU.ActiveCfg = Debug|Any CPU
		{4B483085-F782-46D0-A695-9F3F2058C79B}.Debug|Any CPU.Build.0 = Debug|Any CPU
		{4B483085-F782-46D0-A695-9F3F2058C79B}.Release|Any CPU.ActiveCfg = Release|Any CPU
		{4B483085-F782-46D0-A695-9F3F2058C79B}.Release|Any CPU.Build.0 = Release|Any CPU
		{2E76A4E1-6706-4B32-B1AD-A8349D62A6A5}.Debug|Any CPU.ActiveCfg = Debug|Any CPU
		{2E76A4E1-6706-4B32-B1AD-A8349D62A6A5}.Debug|Any CPU.Build.0 = Debug|Any CPU
		{2E76A4E1-6706-4B32-B1AD-A8349D62A6A5}.Release|Any CPU.ActiveCfg = Release|Any CPU
		{2E76A4E1-6706-4B32-B1AD-A8349D62A6A5}.Release|Any CPU.Build.0 = Release|Any CPU
		{B8760315-0796-4F82-867A-4678D81A610D}.Debug|Any CPU.ActiveCfg = Debug|Any CPU
		{B8760315-0796-4F82-867A-4678D81A610D}.Debug|Any CPU.Build.0 = Debug|Any CPU
		{B8760315-0796-4F82-867A-4678D81A610D}.Release|Any CPU.ActiveCfg = Release|Any CPU
		{B8760315-0796-4F82-867A-4678D81A610D}.Release|Any CPU.Build.0 = Release|Any CPU
		{9B368055-6762-4142-80FB-EEE83B1B7442}.Debug|Any CPU.ActiveCfg = Debug|Any CPU
		{9B368055-6762-4142-80FB-EEE83B1B7442}.Debug|Any CPU.Build.0 = Debug|Any CPU
		{9B368055-6762-4142-80FB-EEE83B1B7442}.Release|Any CPU.ActiveCfg = Release|Any CPU
		{9B368055-6762-4142-80FB-EEE83B1B7442}.Release|Any CPU.Build.0 = Release|Any CPU
		{FC584C07-AA07-439B-B13E-8A52F13DC472}.Debug|Any CPU.ActiveCfg = Debug|Any CPU
		{FC584C07-AA07-439B-B13E-8A52F13DC472}.Debug|Any CPU.Build.0 = Debug|Any CPU
		{FC584C07-AA07-439B-B13E-8A52F13DC472}.Release|Any CPU.ActiveCfg = Release|Any CPU
		{FC584C07-AA07-439B-B13E-8A52F13DC472}.Release|Any CPU.Build.0 = Release|Any CPU
		{48634C12-5295-4BCE-9E91-10BB27548C9A}.Debug|Any CPU.ActiveCfg = Debug|Any CPU
		{48634C12-5295-4BCE-9E91-10BB27548C9A}.Debug|Any CPU.Build.0 = Debug|Any CPU
		{48634C12-5295-4BCE-9E91-10BB27548C9A}.Release|Any CPU.ActiveCfg = Release|Any CPU
		{48634C12-5295-4BCE-9E91-10BB27548C9A}.Release|Any CPU.Build.0 = Release|Any CPU
	EndGlobalSection
	GlobalSection(SolutionProperties) = preSolution
		HideSolutionNode = FALSE
	EndGlobalSection
	GlobalSection(NestedProjects) = preSolution
		{C419D9BF-BF1F-47C1-8172-0F73180A9911} = {13E6C174-485A-4693-A238-70E7BAF4CAB0}
		{0A6296BF-5F0D-4A88-9C20-9B798A79F90D} = {13E6C174-485A-4693-A238-70E7BAF4CAB0}
		{1D70CC14-C875-4789-B67C-578CCD4C525D} = {13E6C174-485A-4693-A238-70E7BAF4CAB0}
		{90EB2AF0-0D1F-4EEE-B2EC-D61B3200472C} = {13E6C174-485A-4693-A238-70E7BAF4CAB0}
		{4B483085-F782-46D0-A695-9F3F2058C79B} = {13E6C174-485A-4693-A238-70E7BAF4CAB0}
		{2E76A4E1-6706-4B32-B1AD-A8349D62A6A5} = {13E6C174-485A-4693-A238-70E7BAF4CAB0}
		{B8760315-0796-4F82-867A-4678D81A610D} = {13E6C174-485A-4693-A238-70E7BAF4CAB0}
		{9B368055-6762-4142-80FB-EEE83B1B7442} = {13E6C174-485A-4693-A238-70E7BAF4CAB0}
		{FC584C07-AA07-439B-B13E-8A52F13DC472} = {C0442516-111F-48C9-87A1-F4D42A97E545}
		{48634C12-5295-4BCE-9E91-10BB27548C9A} = {C0442516-111F-48C9-87A1-F4D42A97E545}
	EndGlobalSection
	GlobalSection(ExtensibilityGlobals) = postSolution
		SolutionGuid = {361FE47A-E10D-42A0-B5E3-44F40A45DF47}
	EndGlobalSection
EndGlobal
