
Microsoft Visual Studio Solution File, Format Version 12.00
# Visual Studio Version 17
VisualStudioVersion = 17.5.002.0
MinimumVisualStudioVersion = 10.0.40219.1
Project("{9A19103F-16F7-4668-BE54-9A1E7A4F7556}") = "TTT", "TTT\TTT.csproj", "{433DAF4E-0A56-4A6C-8786-73ED1B0BA1FB}"
EndProject
Project("{2150E333-8FDC-42A3-9474-1A3956D46DE8}") = "mod", "mod", "{9799199A-95DD-4203-9BEB-F3AFB932F656}"
EndProject
Project("{9A19103F-16F7-4668-BE54-9A1E7A4F7556}") = "TTT.Detective", "mod\TTT.Detective\TTT.Detective.csproj", "{B7A27672-69ED-45C7-ABC5-0A19438BC9E9}"
EndProject
Project("{9A19103F-16F7-4668-BE54-9A1E7A4F7556}") = "TTT.Logs", "mod\TTT.Logs\TTT.Logs.csproj", "{154DE730-DE29-44D8-9CF6-93899335A5DA}"
EndProject
Project("{9A19103F-16F7-4668-BE54-9A1E7A4F7556}") = "TTT.Manager", "mod\TTT.Manager\TTT.Manager.csproj", "{8A019B81-6B8D-4332-A991-48A8E337940F}"
EndProject
Project("{9A19103F-16F7-4668-BE54-9A1E7A4F7556}") = "TTT.Player", "mod\TTT.Player\TTT.Player.csproj", "{D98DC948-4A3D-4909-A437-CEAC4AF08588}"
EndProject
Project("{9A19103F-16F7-4668-BE54-9A1E7A4F7556}") = "TTT.Roles", "mod\TTT.Roles\TTT.Roles.csproj", "{B4D8FEF8-10D9-4261-B470-D96F425BB266}"
EndProject
Project("{9A19103F-16F7-4668-BE54-9A1E7A4F7556}") = "TTT.Round", "mod\TTT.Round\TTT.Round.csproj", "{DD6C612C-F53C-41A2-99F3-C28635AAFED8}"
EndProject
Project("{9A19103F-16F7-4668-BE54-9A1E7A4F7556}") = "TTT.Scoreboard", "mod\TTT.Scoreboard\TTT.Scoreboard.csproj", "{E81AEECB-4959-4358-B541-FD327CF2266A}"
EndProject
Project("{9A19103F-16F7-4668-BE54-9A1E7A4F7556}") = "TTT.Shop", "mod\TTT.Shop\TTT.Shop.csproj", "{82699EAA-04CE-41ED-9267-16AAF584A1A3}"
EndProject
Project("{2150E333-8FDC-42A3-9474-1A3956D46DE8}") = "public", "public", "{E91D838D-91CD-4D9F-8830-D4230E2F4FF4}"
EndProject
Project("{9A19103F-16F7-4668-BE54-9A1E7A4F7556}") = "TTT.Formatting", "public\TTT.Formatting\TTT.Formatting.csproj", "{4BBC8211-5527-4CEB-A8BE-3C1C1225325E}"
EndProject
Project("{9A19103F-16F7-4668-BE54-9A1E7A4F7556}") = "TTT.Public", "public\TTT.Public\TTT.Public.csproj", "{83B26583-CD31-445A-8537-982353CE4110}"
EndProject
Global
	GlobalSection(SolutionConfigurationPlatforms) = preSolution
		Debug|Any CPU = Debug|Any CPU
		Release|Any CPU = Release|Any CPU
	EndGlobalSection
	GlobalSection(ProjectConfigurationPlatforms) = postSolution
		{433DAF4E-0A56-4A6C-8786-73ED1B0BA1FB}.Debug|Any CPU.ActiveCfg = Debug|Any CPU
		{433DAF4E-0A56-4A6C-8786-73ED1B0BA1FB}.Debug|Any CPU.Build.0 = Debug|Any CPU
		{433DAF4E-0A56-4A6C-8786-73ED1B0BA1FB}.Release|Any CPU.ActiveCfg = Release|Any CPU
		{433DAF4E-0A56-4A6C-8786-73ED1B0BA1FB}.Release|Any CPU.Build.0 = Release|Any CPU
		{B7A27672-69ED-45C7-ABC5-0A19438BC9E9}.Debug|Any CPU.ActiveCfg = Debug|Any CPU
		{B7A27672-69ED-45C7-ABC5-0A19438BC9E9}.Debug|Any CPU.Build.0 = Debug|Any CPU
		{B7A27672-69ED-45C7-ABC5-0A19438BC9E9}.Release|Any CPU.ActiveCfg = Release|Any CPU
		{B7A27672-69ED-45C7-ABC5-0A19438BC9E9}.Release|Any CPU.Build.0 = Release|Any CPU
		{154DE730-DE29-44D8-9CF6-93899335A5DA}.Debug|Any CPU.ActiveCfg = Debug|Any CPU
		{154DE730-DE29-44D8-9CF6-93899335A5DA}.Debug|Any CPU.Build.0 = Debug|Any CPU
		{154DE730-DE29-44D8-9CF6-93899335A5DA}.Release|Any CPU.ActiveCfg = Release|Any CPU
		{154DE730-DE29-44D8-9CF6-93899335A5DA}.Release|Any CPU.Build.0 = Release|Any CPU
		{8A019B81-6B8D-4332-A991-48A8E337940F}.Debug|Any CPU.ActiveCfg = Debug|Any CPU
		{8A019B81-6B8D-4332-A991-48A8E337940F}.Debug|Any CPU.Build.0 = Debug|Any CPU
		{8A019B81-6B8D-4332-A991-48A8E337940F}.Release|Any CPU.ActiveCfg = Release|Any CPU
		{8A019B81-6B8D-4332-A991-48A8E337940F}.Release|Any CPU.Build.0 = Release|Any CPU
		{D98DC948-4A3D-4909-A437-CEAC4AF08588}.Debug|Any CPU.ActiveCfg = Debug|Any CPU
		{D98DC948-4A3D-4909-A437-CEAC4AF08588}.Debug|Any CPU.Build.0 = Debug|Any CPU
		{D98DC948-4A3D-4909-A437-CEAC4AF08588}.Release|Any CPU.ActiveCfg = Release|Any CPU
		{D98DC948-4A3D-4909-A437-CEAC4AF08588}.Release|Any CPU.Build.0 = Release|Any CPU
		{B4D8FEF8-10D9-4261-B470-D96F425BB266}.Debug|Any CPU.ActiveCfg = Debug|Any CPU
		{B4D8FEF8-10D9-4261-B470-D96F425BB266}.Debug|Any CPU.Build.0 = Debug|Any CPU
		{B4D8FEF8-10D9-4261-B470-D96F425BB266}.Release|Any CPU.ActiveCfg = Release|Any CPU
		{B4D8FEF8-10D9-4261-B470-D96F425BB266}.Release|Any CPU.Build.0 = Release|Any CPU
		{DD6C612C-F53C-41A2-99F3-C28635AAFED8}.Debug|Any CPU.ActiveCfg = Debug|Any CPU
		{DD6C612C-F53C-41A2-99F3-C28635AAFED8}.Debug|Any CPU.Build.0 = Debug|Any CPU
		{DD6C612C-F53C-41A2-99F3-C28635AAFED8}.Release|Any CPU.ActiveCfg = Release|Any CPU
		{DD6C612C-F53C-41A2-99F3-C28635AAFED8}.Release|Any CPU.Build.0 = Release|Any CPU
		{E81AEECB-4959-4358-B541-FD327CF2266A}.Debug|Any CPU.ActiveCfg = Debug|Any CPU
		{E81AEECB-4959-4358-B541-FD327CF2266A}.Debug|Any CPU.Build.0 = Debug|Any CPU
		{E81AEECB-4959-4358-B541-FD327CF2266A}.Release|Any CPU.ActiveCfg = Release|Any CPU
		{E81AEECB-4959-4358-B541-FD327CF2266A}.Release|Any CPU.Build.0 = Release|Any CPU
		{82699EAA-04CE-41ED-9267-16AAF584A1A3}.Debug|Any CPU.ActiveCfg = Debug|Any CPU
		{82699EAA-04CE-41ED-9267-16AAF584A1A3}.Debug|Any CPU.Build.0 = Debug|Any CPU
		{82699EAA-04CE-41ED-9267-16AAF584A1A3}.Release|Any CPU.ActiveCfg = Release|Any CPU
		{82699EAA-04CE-41ED-9267-16AAF584A1A3}.Release|Any CPU.Build.0 = Release|Any CPU
		{4BBC8211-5527-4CEB-A8BE-3C1C1225325E}.Debug|Any CPU.ActiveCfg = Debug|Any CPU
		{4BBC8211-5527-4CEB-A8BE-3C1C1225325E}.Debug|Any CPU.Build.0 = Debug|Any CPU
		{4BBC8211-5527-4CEB-A8BE-3C1C1225325E}.Release|Any CPU.ActiveCfg = Release|Any CPU
		{4BBC8211-5527-4CEB-A8BE-3C1C1225325E}.Release|Any CPU.Build.0 = Release|Any CPU
		{83B26583-CD31-445A-8537-982353CE4110}.Debug|Any CPU.ActiveCfg = Debug|Any CPU
		{83B26583-CD31-445A-8537-982353CE4110}.Debug|Any CPU.Build.0 = Debug|Any CPU
		{83B26583-CD31-445A-8537-982353CE4110}.Release|Any CPU.ActiveCfg = Release|Any CPU
		{83B26583-CD31-445A-8537-982353CE4110}.Release|Any CPU.Build.0 = Release|Any CPU
	EndGlobalSection
	GlobalSection(SolutionProperties) = preSolution
		HideSolutionNode = FALSE
	EndGlobalSection
	GlobalSection(NestedProjects) = preSolution
		{B7A27672-69ED-45C7-ABC5-0A19438BC9E9} = {9799199A-95DD-4203-9BEB-F3AFB932F656}
		{154DE730-DE29-44D8-9CF6-93899335A5DA} = {9799199A-95DD-4203-9BEB-F3AFB932F656}
		{8A019B81-6B8D-4332-A991-48A8E337940F} = {9799199A-95DD-4203-9BEB-F3AFB932F656}
		{D98DC948-4A3D-4909-A437-CEAC4AF08588} = {9799199A-95DD-4203-9BEB-F3AFB932F656}
		{B4D8FEF8-10D9-4261-B470-D96F425BB266} = {9799199A-95DD-4203-9BEB-F3AFB932F656}
		{DD6C612C-F53C-41A2-99F3-C28635AAFED8} = {9799199A-95DD-4203-9BEB-F3AFB932F656}
		{E81AEECB-4959-4358-B541-FD327CF2266A} = {9799199A-95DD-4203-9BEB-F3AFB932F656}
		{82699EAA-04CE-41ED-9267-16AAF584A1A3} = {9799199A-95DD-4203-9BEB-F3AFB932F656}
		{4BBC8211-5527-4CEB-A8BE-3C1C1225325E} = {E91D838D-91CD-4D9F-8830-D4230E2F4FF4}
		{83B26583-CD31-445A-8537-982353CE4110} = {E91D838D-91CD-4D9F-8830-D4230E2F4FF4}
	EndGlobalSection
	GlobalSection(ExtensibilityGlobals) = postSolution
		SolutionGuid = {361FE47A-E10D-42A0-B5E3-44F40A45DF47}
	EndGlobalSection
EndGlobal
