
Microsoft Visual Studio Solution File, Format Version 12.00
# Visual Studio Version 17
VisualStudioVersion = 17.0.31903.59
MinimumVisualStudioVersion = 10.0.40219.1
Project("{2150E333-8FDC-42A3-9474-1A3956D46DE8}") = "src", "src", "{C7CCF187-9F99-4091-B092-6397C35BE9F1}"
EndProject
Project("{2150E333-8FDC-42A3-9474-1A3956D46DE8}") = "public", "public", "{C84CEB1F-0132-43EF-9A5F-12C7AA08B8E7}"
EndProject
Project("{2150E333-8FDC-42A3-9474-1A3956D46DE8}") = "mod", "mod", "{14FF3D75-F9CF-4A32-9F59-83765EA68874}"
EndProject
Project("{9A19103F-16F7-4668-BE54-9A1E7A4F7556}") = "TTT", "src\TTT\TTT.csproj", "{A917B0F5-762F-4C4A-9F50-02BA4A0C6B63}"
EndProject
Project("{FAE04EC0-301F-11D3-BF4B-00C04F79EFBC}") = "TTT.Generic", "src\TTT.Generic\TTT.Generic.csproj", "{953B2EA0-EFFC-475D-85CA-F7E5224BBFE1}"
EndProject
Project("{9A19103F-16F7-4668-BE54-9A1E7A4F7556}") = "TTT.Public", "public\TTT.Public\TTT.Public.csproj", "{8B006910-4BE0-491C-9F28-C60443E3251D}"
EndProject
Project("{9A19103F-16F7-4668-BE54-9A1E7A4F7556}") = "TTT.Detective", "mod\TTT.Detective\TTT.Detective.csproj", "{B6A65935-2233-4C74-A7EA-C2D64967CE52}"
EndProject
Project("{9A19103F-16F7-4668-BE54-9A1E7A4F7556}") = "TTT.Roles", "mod\TTT.Roles\TTT.Roles.csproj", "{0E7A451E-D56F-4D96-9B5C-5F1B0A6B0656}"
EndProject
Project("{9A19103F-16F7-4668-BE54-9A1E7A4F7556}") = "TTT.Round", "mod\TTT.Round\TTT.Round.csproj", "{511E712D-31D5-4EFC-9F0F-D9D4A83ED202}"
EndProject
Project("{FAE04EC0-301F-11D3-BF4B-00C04F79EFBC}") = "TTT.Shop", "mod\TTT.Shop\TTT.Shop.csproj", "{DFBB6B95-ED8D-4E02-BAFA-C705ACBC6DB2}"
EndProject
Global
	GlobalSection(SolutionConfigurationPlatforms) = preSolution
		Debug|Any CPU = Debug|Any CPU
		Release|Any CPU = Release|Any CPU
	EndGlobalSection
	GlobalSection(SolutionProperties) = preSolution
		HideSolutionNode = FALSE
	EndGlobalSection
	GlobalSection(ProjectConfigurationPlatforms) = postSolution
		{A917B0F5-762F-4C4A-9F50-02BA4A0C6B63}.Debug|Any CPU.ActiveCfg = Debug|Any CPU
		{A917B0F5-762F-4C4A-9F50-02BA4A0C6B63}.Debug|Any CPU.Build.0 = Debug|Any CPU
		{A917B0F5-762F-4C4A-9F50-02BA4A0C6B63}.Release|Any CPU.ActiveCfg = Release|Any CPU
		{A917B0F5-762F-4C4A-9F50-02BA4A0C6B63}.Release|Any CPU.Build.0 = Release|Any CPU
		{953B2EA0-EFFC-475D-85CA-F7E5224BBFE1}.Debug|Any CPU.ActiveCfg = Debug|Any CPU
		{953B2EA0-EFFC-475D-85CA-F7E5224BBFE1}.Debug|Any CPU.Build.0 = Debug|Any CPU
		{953B2EA0-EFFC-475D-85CA-F7E5224BBFE1}.Release|Any CPU.ActiveCfg = Release|Any CPU
		{953B2EA0-EFFC-475D-85CA-F7E5224BBFE1}.Release|Any CPU.Build.0 = Release|Any CPU
		{8B006910-4BE0-491C-9F28-C60443E3251D}.Debug|Any CPU.ActiveCfg = Debug|Any CPU
		{8B006910-4BE0-491C-9F28-C60443E3251D}.Debug|Any CPU.Build.0 = Debug|Any CPU
		{8B006910-4BE0-491C-9F28-C60443E3251D}.Release|Any CPU.ActiveCfg = Release|Any CPU
		{8B006910-4BE0-491C-9F28-C60443E3251D}.Release|Any CPU.Build.0 = Release|Any CPU
		{B6A65935-2233-4C74-A7EA-C2D64967CE52}.Debug|Any CPU.ActiveCfg = Debug|Any CPU
		{B6A65935-2233-4C74-A7EA-C2D64967CE52}.Debug|Any CPU.Build.0 = Debug|Any CPU
		{B6A65935-2233-4C74-A7EA-C2D64967CE52}.Release|Any CPU.ActiveCfg = Release|Any CPU
		{B6A65935-2233-4C74-A7EA-C2D64967CE52}.Release|Any CPU.Build.0 = Release|Any CPU
		{0E7A451E-D56F-4D96-9B5C-5F1B0A6B0656}.Debug|Any CPU.ActiveCfg = Debug|Any CPU
		{0E7A451E-D56F-4D96-9B5C-5F1B0A6B0656}.Debug|Any CPU.Build.0 = Debug|Any CPU
		{0E7A451E-D56F-4D96-9B5C-5F1B0A6B0656}.Release|Any CPU.ActiveCfg = Release|Any CPU
		{0E7A451E-D56F-4D96-9B5C-5F1B0A6B0656}.Release|Any CPU.Build.0 = Release|Any CPU
		{511E712D-31D5-4EFC-9F0F-D9D4A83ED202}.Debug|Any CPU.ActiveCfg = Debug|Any CPU
		{511E712D-31D5-4EFC-9F0F-D9D4A83ED202}.Debug|Any CPU.Build.0 = Debug|Any CPU
		{511E712D-31D5-4EFC-9F0F-D9D4A83ED202}.Release|Any CPU.ActiveCfg = Release|Any CPU
		{511E712D-31D5-4EFC-9F0F-D9D4A83ED202}.Release|Any CPU.Build.0 = Release|Any CPU
		{DFBB6B95-ED8D-4E02-BAFA-C705ACBC6DB2}.Debug|Any CPU.ActiveCfg = Debug|Any CPU
		{DFBB6B95-ED8D-4E02-BAFA-C705ACBC6DB2}.Debug|Any CPU.Build.0 = Debug|Any CPU
		{DFBB6B95-ED8D-4E02-BAFA-C705ACBC6DB2}.Release|Any CPU.ActiveCfg = Release|Any CPU
		{DFBB6B95-ED8D-4E02-BAFA-C705ACBC6DB2}.Release|Any CPU.Build.0 = Release|Any CPU
	EndGlobalSection
	GlobalSection(NestedProjects) = preSolution
		{A917B0F5-762F-4C4A-9F50-02BA4A0C6B63} = {C7CCF187-9F99-4091-B092-6397C35BE9F1}
		{953B2EA0-EFFC-475D-85CA-F7E5224BBFE1} = {C7CCF187-9F99-4091-B092-6397C35BE9F1}
		{8B006910-4BE0-491C-9F28-C60443E3251D} = {C84CEB1F-0132-43EF-9A5F-12C7AA08B8E7}
		{B6A65935-2233-4C74-A7EA-C2D64967CE52} = {14FF3D75-F9CF-4A32-9F59-83765EA68874}
		{0E7A451E-D56F-4D96-9B5C-5F1B0A6B0656} = {14FF3D75-F9CF-4A32-9F59-83765EA68874}
		{511E712D-31D5-4EFC-9F0F-D9D4A83ED202} = {14FF3D75-F9CF-4A32-9F59-83765EA68874}
		{DFBB6B95-ED8D-4E02-BAFA-C705ACBC6DB2} = {14FF3D75-F9CF-4A32-9F59-83765EA68874}
	EndGlobalSection
EndGlobal
